
Microsoft Visual Studio Solution File, Format Version 12.00
# Visual Studio Version 17
VisualStudioVersion = 17.5.33414.496
MinimumVisualStudioVersion = 10.0.40219.1
Project("{FAE04EC0-301F-11D3-BF4B-00C04F79EFBC}") = "Aula02Exercicio03", "Aula02Exercicio03.csproj", "{130DBE57-C298-4167-8B03-66F091C63BD8}"
EndProject
Global
	GlobalSection(SolutionConfigurationPlatforms) = preSolution
		Debug|Any CPU = Debug|Any CPU
		Release|Any CPU = Release|Any CPU
	EndGlobalSection
	GlobalSection(ProjectConfigurationPlatforms) = postSolution
		{130DBE57-C298-4167-8B03-66F091C63BD8}.Debug|Any CPU.ActiveCfg = Debug|Any CPU
		{130DBE57-C298-4167-8B03-66F091C63BD8}.Debug|Any CPU.Build.0 = Debug|Any CPU
		{130DBE57-C298-4167-8B03-66F091C63BD8}.Release|Any CPU.ActiveCfg = Release|Any CPU
		{130DBE57-C298-4167-8B03-66F091C63BD8}.Release|Any CPU.Build.0 = Release|Any CPU
	EndGlobalSection
	GlobalSection(SolutionProperties) = preSolution
		HideSolutionNode = FALSE
	EndGlobalSection
	GlobalSection(ExtensibilityGlobals) = postSolution
		SolutionGuid = {F6F2D9AF-9157-4C4D-B32E-C7F573E71BF5}
	EndGlobalSection
EndGlobal
